
Microsoft Visual Studio Solution File, Format Version 12.00
# Visual Studio Version 16
VisualStudioVersion = 16.0.31424.327
MinimumVisualStudioVersion = 10.0.40219.1
Project("{9A19103F-16F7-4668-BE54-9A1E7A4F7556}") = "WebApi", "WebApi.csproj", "{CAB76B75-A0C6-42AA-B166-27F59687BFCA}"
EndProject
Global
	GlobalSection(SolutionConfigurationPlatforms) = preSolution
		Debug|Any CPU = Debug|Any CPU
		Release|Any CPU = Release|Any CPU
	EndGlobalSection
	GlobalSection(ProjectConfigurationPlatforms) = postSolution
		{CAB76B75-A0C6-42AA-B166-27F59687BFCA}.Debug|Any CPU.ActiveCfg = Debug|Any CPU
		{CAB76B75-A0C6-42AA-B166-27F59687BFCA}.Debug|Any CPU.Build.0 = Debug|Any CPU
		{CAB76B75-A0C6-42AA-B166-27F59687BFCA}.Release|Any CPU.ActiveCfg = Release|Any CPU
		{CAB76B75-A0C6-42AA-B166-27F59687BFCA}.Release|Any CPU.Build.0 = Release|Any CPU
	EndGlobalSection
	GlobalSection(SolutionProperties) = preSolution
		HideSolutionNode = FALSE
	EndGlobalSection
	GlobalSection(ExtensibilityGlobals) = postSolution
		SolutionGuid = {BE5B07CE-45EA-4224-831E-96EEB02AB343}
	EndGlobalSection
EndGlobal
